
Microsoft Visual Studio Solution File, Format Version 12.00
# Visual Studio 15
VisualStudioVersion = 15.0.28307.168
MinimumVisualStudioVersion = 10.0.40219.1
Project("{FAE04EC0-301F-11D3-BF4B-00C04F79EFBC}") = "WebApi.Web", "WebApi\WebApi.Web.csproj", "{F85D0A04-0474-4B76-B5D4-681C7142C3CD}"
EndProject
Project("{FAE04EC0-301F-11D3-BF4B-00C04F79EFBC}") = "WebApi.Web.Tests", "WebApi.Tests\WebApi.Web.Tests.csproj", "{09323E48-5A20-4230-B5ED-DF23E0DB6D5D}"
EndProject
Project("{FAE04EC0-301F-11D3-BF4B-00C04F79EFBC}") = "WebApi.Api", "WebApi.Api\WebApi.Api.csproj", "{71B74D77-8790-4340-A5E5-BA628C8C6047}"
EndProject
Project("{FAE04EC0-301F-11D3-BF4B-00C04F79EFBC}") = "WebApi.Api.Tests", "WebApi.Api.Tests\WebApi.Api.Tests.csproj", "{10979190-7F91-4B88-A70F-DBCC1C31D38F}"
EndProject
Global
	GlobalSection(SolutionConfigurationPlatforms) = preSolution
		Debug|Any CPU = Debug|Any CPU
		Release|Any CPU = Release|Any CPU
	EndGlobalSection
	GlobalSection(ProjectConfigurationPlatforms) = postSolution
		{F85D0A04-0474-4B76-B5D4-681C7142C3CD}.Debug|Any CPU.ActiveCfg = Debug|Any CPU
		{F85D0A04-0474-4B76-B5D4-681C7142C3CD}.Debug|Any CPU.Build.0 = Debug|Any CPU
		{F85D0A04-0474-4B76-B5D4-681C7142C3CD}.Release|Any CPU.ActiveCfg = Release|Any CPU
		{F85D0A04-0474-4B76-B5D4-681C7142C3CD}.Release|Any CPU.Build.0 = Release|Any CPU
		{09323E48-5A20-4230-B5ED-DF23E0DB6D5D}.Debug|Any CPU.ActiveCfg = Debug|Any CPU
		{09323E48-5A20-4230-B5ED-DF23E0DB6D5D}.Debug|Any CPU.Build.0 = Debug|Any CPU
		{09323E48-5A20-4230-B5ED-DF23E0DB6D5D}.Release|Any CPU.ActiveCfg = Release|Any CPU
		{09323E48-5A20-4230-B5ED-DF23E0DB6D5D}.Release|Any CPU.Build.0 = Release|Any CPU
		{71B74D77-8790-4340-A5E5-BA628C8C6047}.Debug|Any CPU.ActiveCfg = Debug|Any CPU
		{71B74D77-8790-4340-A5E5-BA628C8C6047}.Debug|Any CPU.Build.0 = Debug|Any CPU
		{71B74D77-8790-4340-A5E5-BA628C8C6047}.Release|Any CPU.ActiveCfg = Release|Any CPU
		{71B74D77-8790-4340-A5E5-BA628C8C6047}.Release|Any CPU.Build.0 = Release|Any CPU
		{10979190-7F91-4B88-A70F-DBCC1C31D38F}.Debug|Any CPU.ActiveCfg = Debug|Any CPU
		{10979190-7F91-4B88-A70F-DBCC1C31D38F}.Debug|Any CPU.Build.0 = Debug|Any CPU
		{10979190-7F91-4B88-A70F-DBCC1C31D38F}.Release|Any CPU.ActiveCfg = Release|Any CPU
		{10979190-7F91-4B88-A70F-DBCC1C31D38F}.Release|Any CPU.Build.0 = Release|Any CPU
	EndGlobalSection
	GlobalSection(SolutionProperties) = preSolution
		HideSolutionNode = FALSE
	EndGlobalSection
	GlobalSection(ExtensibilityGlobals) = postSolution
		SolutionGuid = {F1FB4EA9-96BF-4D63-930C-18815C7EAB5A}
	EndGlobalSection
EndGlobal
